
Microsoft Visual Studio Solution File, Format Version 12.00
# Visual Studio Version 17
VisualStudioVersion = 17.4.33213.308
MinimumVisualStudioVersion = 10.0.40219.1
Project("{FAE04EC0-301F-11D3-BF4B-00C04F79EFBC}") = "BlazorAnimationSample", "BlazorAnimationSample.csproj", "{4BB5658B-5209-470F-BD13-B7F6E6537C15}"
EndProject
Global
	GlobalSection(SolutionConfigurationPlatforms) = preSolution
		Debug|Any CPU = Debug|Any CPU
		Release|Any CPU = Release|Any CPU
	EndGlobalSection
	GlobalSection(ProjectConfigurationPlatforms) = postSolution
		{4BB5658B-5209-470F-BD13-B7F6E6537C15}.Debug|Any CPU.ActiveCfg = Debug|Any CPU
		{4BB5658B-5209-470F-BD13-B7F6E6537C15}.Debug|Any CPU.Build.0 = Debug|Any CPU
		{4BB5658B-5209-470F-BD13-B7F6E6537C15}.Release|Any CPU.ActiveCfg = Release|Any CPU
		{4BB5658B-5209-470F-BD13-B7F6E6537C15}.Release|Any CPU.Build.0 = Release|Any CPU
	EndGlobalSection
	GlobalSection(SolutionProperties) = preSolution
		HideSolutionNode = FALSE
	EndGlobalSection
	GlobalSection(ExtensibilityGlobals) = postSolution
		SolutionGuid = {1CC1256D-CE12-4D03-888A-0DF062187571}
	EndGlobalSection
EndGlobal
